<?xml version="1.0" encoding="utf-8"?>
<Project ToolsVersion="4.0" xmlns="http://schemas.microsoft.com/developer/msbuild/2003">
  <ItemGroup>
    <Filter Include="src">
      <UniqueIdentifier>{54e45f84-00a9-4df4-a69e-07a9eb2f59e4}</UniqueIdentifier>
    </Filter>
    <Filter Include="inc">
      <UniqueIdentifier>{1a374231-e565-4948-b860-fbd77dfbdfee}</UniqueIdentifier>
    </Filter>
    <Filter Include="src\ext">
      <UniqueIdentifier>{d5be9d7e-deef-4387-bbd5-f6fe9442b6e3}</UniqueIdentifier>
    </Filter>
    <Filter Include="inc\ext">
      <UniqueIdentifier>{e4bf50aa-b823-4fab-ac5c-caebc95429a9}</UniqueIdentifier>
    </Filter>
  </ItemGroup>
  <ItemGroup>
    <ClCompile Include="src\float3.cpp">
      <Filter>src</Filter>
    </ClCompile>
    <ClCompile Include="src\float4.cpp">
      <Filter>src</Filter>
    </ClCompile>
    <ClCompile Include="src\IEventArgs.cpp">
      <Filter>src</Filter>
    </ClCompile>
    <ClCompile Include="src\IInput.cpp">
      <Filter>src</Filter>
    </ClCompile>
    <ClCompile Include="src\IObservable.cpp">
      <Filter>src</Filter>
    </ClCompile>
    <ClCompile Include="src\IObserver.cpp">
      <Filter>src</Filter>
    </ClCompile>
    <ClCompile Include="src\ScopedLog.cpp">
      <Filter>src</Filter>
    </ClCompile>
    <ClCompile Include="stdafx.cpp" />
    <ClCompile Include="intersection.cpp" />
    <ClCompile Include="src\float2.cpp">
      <Filter>src</Filter>
    </ClCompile>
    <ClCompile Include="src\float44.cpp">
      <Filter>src</Filter>
    </ClCompile>
    <ClCompile Include="src\gel.cpp">
      <Filter>src</Filter>
    </ClCompile>
    <ClCompile Include="src\log.cpp">
      <Filter>src</Filter>
    </ClCompile>
    <ClCompile Include="src\rearray.cpp">
      <Filter>src</Filter>
    </ClCompile>
    <ClCompile Include="src\window_windows.cpp">
      <Filter>src</Filter>
    </ClCompile>
    <ClCompile Include="src\file_system.cpp">
      <Filter>src</Filter>
    </ClCompile>
    <ClCompile Include="src\ext\murmur_hash_3.cpp">
      <Filter>src\ext</Filter>
    </ClCompile>
    <ClCompile Include="src\non_crypto_hash.cpp">
      <Filter>src</Filter>
    </ClCompile>
    <ClCompile Include="src\quaternion.cpp">
      <Filter>src</Filter>
    </ClCompile>
    <ClCompile Include="str.cpp">
      <Filter>src</Filter>
    </ClCompile>
  </ItemGroup>
  <ItemGroup>
    <ClInclude Include="inc\Callback.h">
      <Filter>inc</Filter>
    </ClInclude>
    <ClInclude Include="inc\Event.h">
      <Filter>inc</Filter>
    </ClInclude>
    <ClInclude Include="inc\float3.h">
      <Filter>inc</Filter>
    </ClInclude>
    <ClInclude Include="inc\float4.h">
      <Filter>inc</Filter>
    </ClInclude>
    <ClInclude Include="inc\HRTools.h">
      <Filter>inc</Filter>
    </ClInclude>
    <ClInclude Include="inc\IEventArgs.h">
      <Filter>inc</Filter>
    </ClInclude>
    <ClInclude Include="inc\IInput.h">
      <Filter>inc</Filter>
    </ClInclude>
    <ClInclude Include="inc\IInputDevice.h">
      <Filter>inc</Filter>
    </ClInclude>
    <ClInclude Include="inc\IInputDeviceFrame.h">
      <Filter>inc</Filter>
    </ClInclude>
    <ClInclude Include="inc\IObservable.h">
      <Filter>inc</Filter>
    </ClInclude>
    <ClInclude Include="inc\IObserver.h">
      <Filter>inc</Filter>
    </ClInclude>
    <ClInclude Include="inc\ScopedLog.h">
      <Filter>inc</Filter>
    </ClInclude>
    <ClInclude Include="inc\types.h">
      <Filter>inc</Filter>
    </ClInclude>
    <ClInclude Include="stdafx.h" />
    <ClInclude Include="inc\tat.h">
      <Filter>inc</Filter>
    </ClInclude>
    <ClInclude Include="inc\InputKeyboardKeys.h">
      <Filter>inc</Filter>
    </ClInclude>
    <ClInclude Include="inc\intersection.h">
      <Filter>inc</Filter>
    </ClInclude>
    <ClInclude Include="inc\primatives.h">
      <Filter>inc</Filter>
    </ClInclude>
    <ClInclude Include="inc\gel.h">
      <Filter>inc</Filter>
    </ClInclude>
    <ClInclude Include="inc\float2.h">
      <Filter>inc</Filter>
    </ClInclude>
    <ClInclude Include="inc\float44.h">
      <Filter>inc</Filter>
    </ClInclude>
    <ClInclude Include="inc\keycodes.h">
      <Filter>inc</Filter>
    </ClInclude>
    <ClInclude Include="inc\log.h">
      <Filter>inc</Filter>
    </ClInclude>
    <ClInclude Include="inc\rearray.h">
      <Filter>inc</Filter>
    </ClInclude>
    <ClInclude Include="inc\window.h">
      <Filter>inc</Filter>
    </ClInclude>
    <ClInclude Include="inc\file_system.h">
      <Filter>inc</Filter>
    </ClInclude>
    <ClInclude Include="src\ext\murmur_hash_3.h">
      <Filter>src\ext</Filter>
    </ClInclude>
    <ClInclude Include="inc\non_crypto_hash.h">
      <Filter>inc</Filter>
    </ClInclude>
    <ClInclude Include="inc\ext\stb_image.h">
      <Filter>inc\ext</Filter>
    </ClInclude>
    <ClInclude Include="inc\mem.h">
      <Filter>inc</Filter>
    </ClInclude>
    <ClInclude Include="inc\quaternion.h">
      <Filter>inc</Filter>
    </ClInclude>
  </ItemGroup>
  <ItemGroup>
    <Text Include="License.txt" />
  </ItemGroup>
  <ItemGroup>
    <None Include="README.md" />
  </ItemGroup>
</Project>